// !$*UTF8*$!
{
	archiveVersion = 1;
	classes = {
	};
	objectVersion = 56;
	objects = {

/* Begin PBXBuildFile section */
		75527A842C2521C700815B47 /* LoginType.swift in Sources */ = {isa = PBXBuildFile; fileRef = 75527A832C2521C700815B47 /* LoginType.swift */; };
		75527A862C25225800815B47 /* UserInfo.swift in Sources */ = {isa = PBXBuildFile; fileRef = 75527A852C25225800815B47 /* UserInfo.swift */; };
		75527A8A2C25252300815B47 /* SignUpError.swift in Sources */ = {isa = PBXBuildFile; fileRef = 75527A892C25252300815B47 /* SignUpError.swift */; };
		75527A8C2C2525F900815B47 /* SignUpValidation.swift in Sources */ = {isa = PBXBuildFile; fileRef = 75527A8B2C2525F900815B47 /* SignUpValidation.swift */; };
		75527A902C254F0C00815B47 /* SignUpViewController.swift in Sources */ = {isa = PBXBuildFile; fileRef = 75527A8F2C254F0C00815B47 /* SignUpViewController.swift */; };
		75527A922C258CB300815B47 /* SignUpManager.swift in Sources */ = {isa = PBXBuildFile; fileRef = 75527A912C258CB300815B47 /* SignUpManager.swift */; };
		C715E75D2C2ECE0500E1C0F6 /* TabBarVIewControlloer.swift in Sources */ = {isa = PBXBuildFile; fileRef = C715E75C2C2ECE0500E1C0F6 /* TabBarVIewControlloer.swift */; };
		C715E7652C306E6D00E1C0F6 /* DiceVIewControlloer.swift in Sources */ = {isa = PBXBuildFile; fileRef = C715E7642C306E6D00E1C0F6 /* DiceVIewControlloer.swift */; };
		C76270172C2BB2F1005E56F4 /* Select1ViewController.swift in Sources */ = {isa = PBXBuildFile; fileRef = C76270162C2BB2F1005E56F4 /* Select1ViewController.swift */; };
		C76270192C2BB63A005E56F4 /* Select2ViewController.swift in Sources */ = {isa = PBXBuildFile; fileRef = C76270182C2BB63A005E56F4 /* Select2ViewController.swift */; };
		C762701B2C2BBCA4005E56F4 /* Select3ViewController.swift in Sources */ = {isa = PBXBuildFile; fileRef = C762701A2C2BBCA4005E56F4 /* Select3ViewController.swift */; };
		C762701D2C2BBE48005E56F4 /* Select4ViewController.swift in Sources */ = {isa = PBXBuildFile; fileRef = C762701C2C2BBE48005E56F4 /* Select4ViewController.swift */; };
		C764D60B2C2AE0BC00BFEFFD /* MainViewController.swift in Sources */ = {isa = PBXBuildFile; fileRef = C764D60A2C2AE0BC00BFEFFD /* MainViewController.swift */; };
		C7E053CC2C229871008162BC /* AppDelegate.swift in Sources */ = {isa = PBXBuildFile; fileRef = C7E053CB2C229871008162BC /* AppDelegate.swift */; };
		C7E053CE2C229871008162BC /* SceneDelegate.swift in Sources */ = {isa = PBXBuildFile; fileRef = C7E053CD2C229871008162BC /* SceneDelegate.swift */; };
		C7E053D02C229871008162BC /* LoginViewController.swift in Sources */ = {isa = PBXBuildFile; fileRef = C7E053CF2C229871008162BC /* LoginViewController.swift */; };
		C7E053D32C229871008162BC /* Base in Resources */ = {isa = PBXBuildFile; fileRef = C7E053D22C229871008162BC /* Base */; };
		C7E053D52C229873008162BC /* Assets.xcassets in Resources */ = {isa = PBXBuildFile; fileRef = C7E053D42C229873008162BC /* Assets.xcassets */; };
		C7E053D82C229873008162BC /* Base in Resources */ = {isa = PBXBuildFile; fileRef = C7E053D72C229873008162BC /* Base */; };
/* End PBXBuildFile section */

/* Begin PBXFileReference section */
		75527A832C2521C700815B47 /* LoginType.swift */ = {isa = PBXFileReference; lastKnownFileType = sourcecode.swift; path = LoginType.swift; sourceTree = "<group>"; };
		75527A852C25225800815B47 /* UserInfo.swift */ = {isa = PBXFileReference; lastKnownFileType = sourcecode.swift; path = UserInfo.swift; sourceTree = "<group>"; };
		75527A892C25252300815B47 /* SignUpError.swift */ = {isa = PBXFileReference; lastKnownFileType = sourcecode.swift; path = SignUpError.swift; sourceTree = "<group>"; };
		75527A8B2C2525F900815B47 /* SignUpValidation.swift */ = {isa = PBXFileReference; lastKnownFileType = sourcecode.swift; path = SignUpValidation.swift; sourceTree = "<group>"; };
		75527A8F2C254F0C00815B47 /* SignUpViewController.swift */ = {isa = PBXFileReference; lastKnownFileType = sourcecode.swift; path = SignUpViewController.swift; sourceTree = "<group>"; };
		75527A912C258CB300815B47 /* SignUpManager.swift */ = {isa = PBXFileReference; lastKnownFileType = sourcecode.swift; path = SignUpManager.swift; sourceTree = "<group>"; };
		C715E75C2C2ECE0500E1C0F6 /* TabBarVIewControlloer.swift */ = {isa = PBXFileReference; lastKnownFileType = sourcecode.swift; path = TabBarVIewControlloer.swift; sourceTree = "<group>"; };
		C715E7602C30660600E1C0F6 /* en */ = {isa = PBXFileReference; lastKnownFileType = text.plist.strings; name = en; path = en.lproj/Main.strings; sourceTree = "<group>"; };
		C715E7612C30660600E1C0F6 /* en */ = {isa = PBXFileReference; lastKnownFileType = text.plist.strings; name = en; path = en.lproj/LaunchScreen.strings; sourceTree = "<group>"; };
		C715E7642C306E6D00E1C0F6 /* DiceVIewControlloer.swift */ = {isa = PBXFileReference; lastKnownFileType = sourcecode.swift; path = DiceVIewControlloer.swift; sourceTree = "<group>"; };
		C76270162C2BB2F1005E56F4 /* Select1ViewController.swift */ = {isa = PBXFileReference; lastKnownFileType = sourcecode.swift; path = Select1ViewController.swift; sourceTree = "<group>"; };
		C76270182C2BB63A005E56F4 /* Select2ViewController.swift */ = {isa = PBXFileReference; lastKnownFileType = sourcecode.swift; path = Select2ViewController.swift; sourceTree = "<group>"; };
		C762701A2C2BBCA4005E56F4 /* Select3ViewController.swift */ = {isa = PBXFileReference; lastKnownFileType = sourcecode.swift; path = Select3ViewController.swift; sourceTree = "<group>"; };
		C762701C2C2BBE48005E56F4 /* Select4ViewController.swift */ = {isa = PBXFileReference; lastKnownFileType = sourcecode.swift; path = Select4ViewController.swift; sourceTree = "<group>"; };
		C764D60A2C2AE0BC00BFEFFD /* MainViewController.swift */ = {isa = PBXFileReference; lastKnownFileType = sourcecode.swift; path = MainViewController.swift; sourceTree = "<group>"; };
		C7E053C82C229871008162BC /* LoginSample.app */ = {isa = PBXFileReference; explicitFileType = wrapper.application; includeInIndex = 0; path = LoginSample.app; sourceTree = BUILT_PRODUCTS_DIR; };
		C7E053CB2C229871008162BC /* AppDelegate.swift */ = {isa = PBXFileReference; lastKnownFileType = sourcecode.swift; path = AppDelegate.swift; sourceTree = "<group>"; };
		C7E053CD2C229871008162BC /* SceneDelegate.swift */ = {isa = PBXFileReference; lastKnownFileType = sourcecode.swift; path = SceneDelegate.swift; sourceTree = "<group>"; };
		C7E053CF2C229871008162BC /* LoginViewController.swift */ = {isa = PBXFileReference; lastKnownFileType = sourcecode.swift; path = LoginViewController.swift; sourceTree = "<group>"; };
		C7E053D22C229871008162BC /* Base */ = {isa = PBXFileReference; lastKnownFileType = file.storyboard; name = Base; path = Base.lproj/Main.storyboard; sourceTree = "<group>"; };
		C7E053D42C229873008162BC /* Assets.xcassets */ = {isa = PBXFileReference; lastKnownFileType = folder.assetcatalog; path = Assets.xcassets; sourceTree = "<group>"; };
		C7E053D72C229873008162BC /* Base */ = {isa = PBXFileReference; lastKnownFileType = file.storyboard; name = Base; path = Base.lproj/LaunchScreen.storyboard; sourceTree = "<group>"; };
		C7E053D92C229873008162BC /* Info.plist */ = {isa = PBXFileReference; lastKnownFileType = text.plist.xml; path = Info.plist; sourceTree = "<group>"; };
/* End PBXFileReference section */

/* Begin PBXFrameworksBuildPhase section */
		C7E053C52C229871008162BC /* Frameworks */ = {
			isa = PBXFrameworksBuildPhase;
			buildActionMask = 2147483647;
			files = (
			);
			runOnlyForDeploymentPostprocessing = 0;
		};
/* End PBXFrameworksBuildPhase section */

/* Begin PBXGroup section */
		75527A872C25227700815B47 /* Model */ = {
			isa = PBXGroup;
			children = (
				75527A832C2521C700815B47 /* LoginType.swift */,
				75527A852C25225800815B47 /* UserInfo.swift */,
				75527A892C25252300815B47 /* SignUpError.swift */,
				75527A912C258CB300815B47 /* SignUpManager.swift */,
				75527A8B2C2525F900815B47 /* SignUpValidation.swift */,
			);
			path = Model;
			sourceTree = "<group>";
		};
		75527A882C25246300815B47 /* NetWork */ = {
			isa = PBXGroup;
			children = (
			);
			path = NetWork;
			sourceTree = "<group>";
		};
		75527A8D2C25295600815B47 /* Controller */ = {
			isa = PBXGroup;
			children = (
				C7E053CF2C229871008162BC /* LoginViewController.swift */,
				75527A8F2C254F0C00815B47 /* SignUpViewController.swift */,
				C764D60A2C2AE0BC00BFEFFD /* MainViewController.swift */,
				C76270162C2BB2F1005E56F4 /* Select1ViewController.swift */,
				C76270182C2BB63A005E56F4 /* Select2ViewController.swift */,
				C762701A2C2BBCA4005E56F4 /* Select3ViewController.swift */,
				C762701C2C2BBE48005E56F4 /* Select4ViewController.swift */,
				C715E75C2C2ECE0500E1C0F6 /* TabBarVIewControlloer.swift */,
				C715E7642C306E6D00E1C0F6 /* DiceVIewControlloer.swift */,
			);
			path = Controller;
			sourceTree = "<group>";
		};
		75527A8E2C25299B00815B47 /* View */ = {
			isa = PBXGroup;
			children = (
				C7E053D12C229871008162BC /* Main.storyboard */,
			);
			path = View;
			sourceTree = "<group>";
		};
		C7E053BF2C229871008162BC = {
			isa = PBXGroup;
			children = (
				C7E053CA2C229871008162BC /* LoginSample */,
				C7E053C92C229871008162BC /* Products */,
			);
			sourceTree = "<group>";
		};
		C7E053C92C229871008162BC /* Products */ = {
			isa = PBXGroup;
			children = (
				C7E053C82C229871008162BC /* LoginSample.app */,
			);
			name = Products;
			sourceTree = "<group>";
		};
		C7E053CA2C229871008162BC /* LoginSample */ = {
			isa = PBXGroup;
			children = (
				C7E053CB2C229871008162BC /* AppDelegate.swift */,
				C7E053CD2C229871008162BC /* SceneDelegate.swift */,
				75527A8E2C25299B00815B47 /* View */,
				75527A8D2C25295600815B47 /* Controller */,
				75527A882C25246300815B47 /* NetWork */,
				75527A872C25227700815B47 /* Model */,
				C7E053D42C229873008162BC /* Assets.xcassets */,
				C7E053D62C229873008162BC /* LaunchScreen.storyboard */,
				C7E053D92C229873008162BC /* Info.plist */,
			);
			path = LoginSample;
			sourceTree = "<group>";
		};
/* End PBXGroup section */

/* Begin PBXNativeTarget section */
		C7E053C72C229871008162BC /* LoginSample */ = {
			isa = PBXNativeTarget;
			buildConfigurationList = C7E053DC2C229873008162BC /* Build configuration list for PBXNativeTarget "LoginSample" */;
			buildPhases = (
				C7E053C42C229871008162BC /* Sources */,
				C7E053C52C229871008162BC /* Frameworks */,
				C7E053C62C229871008162BC /* Resources */,
			);
			buildRules = (
			);
			dependencies = (
			);
			name = LoginSample;
			productName = LoginSample;
			productReference = C7E053C82C229871008162BC /* LoginSample.app */;
			productType = "com.apple.product-type.application";
		};
/* End PBXNativeTarget section */

/* Begin PBXProject section */
		C7E053C02C229871008162BC /* Project object */ = {
			isa = PBXProject;
			attributes = {
				BuildIndependentTargetsInParallel = 1;
				LastSwiftUpdateCheck = 1540;
				LastUpgradeCheck = 1540;
				TargetAttributes = {
					C7E053C72C229871008162BC = {
						CreatedOnToolsVersion = 15.4;
					};
				};
			};
			buildConfigurationList = C7E053C32C229871008162BC /* Build configuration list for PBXProject "LoginSample" */;
			compatibilityVersion = "Xcode 14.0";
			developmentRegion = en;
			hasScannedForEncodings = 0;
			knownRegions = (
				en,
				Base,
			);
			mainGroup = C7E053BF2C229871008162BC;
			productRefGroup = C7E053C92C229871008162BC /* Products */;
			projectDirPath = "";
			projectRoot = "";
			targets = (
				C7E053C72C229871008162BC /* LoginSample */,
			);
		};
/* End PBXProject section */

/* Begin PBXResourcesBuildPhase section */
		C7E053C62C229871008162BC /* Resources */ = {
			isa = PBXResourcesBuildPhase;
			buildActionMask = 2147483647;
			files = (
				C7E053D52C229873008162BC /* Assets.xcassets in Resources */,
				C7E053D82C229873008162BC /* Base in Resources */,
				C7E053D32C229871008162BC /* Base in Resources */,
			);
			runOnlyForDeploymentPostprocessing = 0;
		};
/* End PBXResourcesBuildPhase section */

/* Begin PBXSourcesBuildPhase section */
		C7E053C42C229871008162BC /* Sources */ = {
			isa = PBXSourcesBuildPhase;
			buildActionMask = 2147483647;
			files = (
				C7E053D02C229871008162BC /* LoginViewController.swift in Sources */,
				C764D60B2C2AE0BC00BFEFFD /* MainViewController.swift in Sources */,
				75527A842C2521C700815B47 /* LoginType.swift in Sources */,
				C715E75D2C2ECE0500E1C0F6 /* TabBarVIewControlloer.swift in Sources */,
				75527A902C254F0C00815B47 /* SignUpViewController.swift in Sources */,
				C762701B2C2BBCA4005E56F4 /* Select3ViewController.swift in Sources */,
				75527A8A2C25252300815B47 /* SignUpError.swift in Sources */,
				C715E7652C306E6D00E1C0F6 /* DiceVIewControlloer.swift in Sources */,
				C7E053CC2C229871008162BC /* AppDelegate.swift in Sources */,
				75527A862C25225800815B47 /* UserInfo.swift in Sources */,
				C76270192C2BB63A005E56F4 /* Select2ViewController.swift in Sources */,
				75527A922C258CB300815B47 /* SignUpManager.swift in Sources */,
				C7E053CE2C229871008162BC /* SceneDelegate.swift in Sources */,
				75527A8C2C2525F900815B47 /* SignUpValidation.swift in Sources */,
				C76270172C2BB2F1005E56F4 /* Select1ViewController.swift in Sources */,
				C762701D2C2BBE48005E56F4 /* Select4ViewController.swift in Sources */,
			);
			runOnlyForDeploymentPostprocessing = 0;
		};
/* End PBXSourcesBuildPhase section */

/* Begin PBXVariantGroup section */
		C7E053D12C229871008162BC /* Main.storyboard */ = {
			isa = PBXVariantGroup;
			children = (
				C7E053D22C229871008162BC /* Base */,
				C715E7602C30660600E1C0F6 /* en */,
			);
			name = Main.storyboard;
			sourceTree = "<group>";
		};
		C7E053D62C229873008162BC /* LaunchScreen.storyboard */ = {
			isa = PBXVariantGroup;
			children = (
				C7E053D72C229873008162BC /* Base */,
				C715E7612C30660600E1C0F6 /* en */,
			);
			name = LaunchScreen.storyboard;
			sourceTree = "<group>";
		};
/* End PBXVariantGroup section */

/* Begin XCBuildConfiguration section */
		C7E053DA2C229873008162BC /* Debug */ = {
			isa = XCBuildConfiguration;
			buildSettings = {
				ALWAYS_SEARCH_USER_PATHS = NO;
				ASSETCATALOG_COMPILER_GENERATE_SWIFT_ASSET_SYMBOL_EXTENSIONS = YES;
				CLANG_ANALYZER_LOCALIZABILITY_NONLOCALIZED = YES;
				CLANG_ANALYZER_NONNULL = YES;
				CLANG_ANALYZER_NUMBER_OBJECT_CONVERSION = YES_AGGRESSIVE;
				CLANG_CXX_LANGUAGE_STANDARD = "gnu++20";
				CLANG_ENABLE_MODULES = YES;
				CLANG_ENABLE_OBJC_ARC = YES;
				CLANG_ENABLE_OBJC_WEAK = YES;
				CLANG_WARN_BLOCK_CAPTURE_AUTORELEASING = YES;
				CLANG_WARN_BOOL_CONVERSION = YES;
				CLANG_WARN_COMMA = YES;
				CLANG_WARN_CONSTANT_CONVERSION = YES;
				CLANG_WARN_DEPRECATED_OBJC_IMPLEMENTATIONS = YES;
				CLANG_WARN_DIRECT_OBJC_ISA_USAGE = YES_ERROR;
				CLANG_WARN_DOCUMENTATION_COMMENTS = YES;
				CLANG_WARN_EMPTY_BODY = YES;
				CLANG_WARN_ENUM_CONVERSION = YES;
				CLANG_WARN_INFINITE_RECURSION = YES;
				CLANG_WARN_INT_CONVERSION = YES;
				CLANG_WARN_NON_LITERAL_NULL_CONVERSION = YES;
				CLANG_WARN_OBJC_IMPLICIT_RETAIN_SELF = YES;
				CLANG_WARN_OBJC_LITERAL_CONVERSION = YES;
				CLANG_WARN_OBJC_ROOT_CLASS = YES_ERROR;
				CLANG_WARN_QUOTED_INCLUDE_IN_FRAMEWORK_HEADER = YES;
				CLANG_WARN_RANGE_LOOP_ANALYSIS = YES;
				CLANG_WARN_STRICT_PROTOTYPES = YES;
				CLANG_WARN_SUSPICIOUS_MOVE = YES;
				CLANG_WARN_UNGUARDED_AVAILABILITY = YES_AGGRESSIVE;
				CLANG_WARN_UNREACHABLE_CODE = YES;
				CLANG_WARN__DUPLICATE_METHOD_MATCH = YES;
				COPY_PHASE_STRIP = NO;
				DEBUG_INFORMATION_FORMAT = dwarf;
				ENABLE_STRICT_OBJC_MSGSEND = YES;
				ENABLE_TESTABILITY = YES;
				ENABLE_USER_SCRIPT_SANDBOXING = YES;
				GCC_C_LANGUAGE_STANDARD = gnu17;
				GCC_DYNAMIC_NO_PIC = NO;
				GCC_NO_COMMON_BLOCKS = YES;
				GCC_OPTIMIZATION_LEVEL = 0;
				GCC_PREPROCESSOR_DEFINITIONS = (
					"DEBUG=1",
					"$(inherited)",
				);
				GCC_WARN_64_TO_32_BIT_CONVERSION = YES;
				GCC_WARN_ABOUT_RETURN_TYPE = YES_ERROR;
				GCC_WARN_UNDECLARED_SELECTOR = YES;
				GCC_WARN_UNINITIALIZED_AUTOS = YES_AGGRESSIVE;
				GCC_WARN_UNUSED_FUNCTION = YES;
				GCC_WARN_UNUSED_VARIABLE = YES;
				IPHONEOS_DEPLOYMENT_TARGET = 17.5;
				LOCALIZATION_PREFERS_STRING_CATALOGS = YES;
				MTL_ENABLE_DEBUG_INFO = INCLUDE_SOURCE;
				MTL_FAST_MATH = YES;
				ONLY_ACTIVE_ARCH = YES;
				SDKROOT = iphoneos;
				SWIFT_ACTIVE_COMPILATION_CONDITIONS = "DEBUG $(inherited)";
				SWIFT_OPTIMIZATION_LEVEL = "-Onone";
			};
			name = Debug;
		};
		C7E053DB2C229873008162BC /* Release */ = {
			isa = XCBuildConfiguration;
			buildSettings = {
				ALWAYS_SEARCH_USER_PATHS = NO;
				ASSETCATALOG_COMPILER_GENERATE_SWIFT_ASSET_SYMBOL_EXTENSIONS = YES;
				CLANG_ANALYZER_LOCALIZABILITY_NONLOCALIZED = YES;
				CLANG_ANALYZER_NONNULL = YES;
				CLANG_ANALYZER_NUMBER_OBJECT_CONVERSION = YES_AGGRESSIVE;
				CLANG_CXX_LANGUAGE_STANDARD = "gnu++20";
				CLANG_ENABLE_MODULES = YES;
				CLANG_ENABLE_OBJC_ARC = YES;
				CLANG_ENABLE_OBJC_WEAK = YES;
				CLANG_WARN_BLOCK_CAPTURE_AUTORELEASING = YES;
				CLANG_WARN_BOOL_CONVERSION = YES;
				CLANG_WARN_COMMA = YES;
				CLANG_WARN_CONSTANT_CONVERSION = YES;
				CLANG_WARN_DEPRECATED_OBJC_IMPLEMENTATIONS = YES;
				CLANG_WARN_DIRECT_OBJC_ISA_USAGE = YES_ERROR;
				CLANG_WARN_DOCUMENTATION_COMMENTS = YES;
				CLANG_WARN_EMPTY_BODY = YES;
				CLANG_WARN_ENUM_CONVERSION = YES;
				CLANG_WARN_INFINITE_RECURSION = YES;
				CLANG_WARN_INT_CONVERSION = YES;
				CLANG_WARN_NON_LITERAL_NULL_CONVERSION = YES;
				CLANG_WARN_OBJC_IMPLICIT_RETAIN_SELF = YES;
				CLANG_WARN_OBJC_LITERAL_CONVERSION = YES;
				CLANG_WARN_OBJC_ROOT_CLASS = YES_ERROR;
				CLANG_WARN_QUOTED_INCLUDE_IN_FRAMEWORK_HEADER = YES;
				CLANG_WARN_RANGE_LOOP_ANALYSIS = YES;
				CLANG_WARN_STRICT_PROTOTYPES = YES;
				CLANG_WARN_SUSPICIOUS_MOVE = YES;
				CLANG_WARN_UNGUARDED_AVAILABILITY = YES_AGGRESSIVE;
				CLANG_WARN_UNREACHABLE_CODE = YES;
				CLANG_WARN__DUPLICATE_METHOD_MATCH = YES;
				COPY_PHASE_STRIP = NO;
				DEBUG_INFORMATION_FORMAT = "dwarf-with-dsym";
				ENABLE_NS_ASSERTIONS = NO;
				ENABLE_STRICT_OBJC_MSGSEND = YES;
				ENABLE_USER_SCRIPT_SANDBOXING = YES;
				GCC_C_LANGUAGE_STANDARD = gnu17;
				GCC_NO_COMMON_BLOCKS = YES;
				GCC_WARN_64_TO_32_BIT_CONVERSION = YES;
				GCC_WARN_ABOUT_RETURN_TYPE = YES_ERROR;
				GCC_WARN_UNDECLARED_SELECTOR = YES;
				GCC_WARN_UNINITIALIZED_AUTOS = YES_AGGRESSIVE;
				GCC_WARN_UNUSED_FUNCTION = YES;
				GCC_WARN_UNUSED_VARIABLE = YES;
				IPHONEOS_DEPLOYMENT_TARGET = 17.5;
				LOCALIZATION_PREFERS_STRING_CATALOGS = YES;
				MTL_ENABLE_DEBUG_INFO = NO;
				MTL_FAST_MATH = YES;
				SDKROOT = iphoneos;
				SWIFT_COMPILATION_MODE = wholemodule;
				VALIDATE_PRODUCT = YES;
			};
			name = Release;
		};
		C7E053DD2C229873008162BC /* Debug */ = {
			isa = XCBuildConfiguration;
			buildSettings = {
				ASSETCATALOG_COMPILER_APPICON_NAME = AppIcon;
				ASSETCATALOG_COMPILER_GLOBAL_ACCENT_COLOR_NAME = AccentColor;
				CODE_SIGN_IDENTITY = "Apple Development";
				CODE_SIGN_STYLE = Automatic;
				CURRENT_PROJECT_VERSION = 1;
				DEVELOPMENT_TEAM = M9DA7S3XQP;
				GENERATE_INFOPLIST_FILE = YES;
				INFOPLIST_FILE = LoginSample/Info.plist;
				INFOPLIST_KEY_CFBundleDisplayName = MyApp;
				INFOPLIST_KEY_UIApplicationSupportsIndirectInputEvents = YES;
				INFOPLIST_KEY_UILaunchStoryboardName = LaunchScreen;
				INFOPLIST_KEY_UIMainStoryboardFile = Main;
				INFOPLIST_KEY_UISupportedInterfaceOrientations_iPad = "UIInterfaceOrientationPortrait UIInterfaceOrientationPortraitUpsideDown UIInterfaceOrientationLandscapeLeft UIInterfaceOrientationLandscapeRight";
				INFOPLIST_KEY_UISupportedInterfaceOrientations_iPhone = "UIInterfaceOrientationPortrait UIInterfaceOrientationLandscapeLeft UIInterfaceOrientationLandscapeRight";
				IPHONEOS_DEPLOYMENT_TARGET = 17.0;
				LD_RUNPATH_SEARCH_PATHS = (
					"$(inherited)",
					"@executable_path/Frameworks",
				);
				MARKETING_VERSION = 1.0;
				PRODUCT_BUNDLE_IDENTIFIER = com.yechan.loginsample;
				PRODUCT_NAME = "$(TARGET_NAME)";
				PROVISIONING_PROFILE_SPECIFIER = "";
				SWIFT_EMIT_LOC_STRINGS = YES;
				SWIFT_VERSION = 5.0;
				TARGETED_DEVICE_FAMILY = "1,2";
			};
			name = Debug;
		};
		C7E053DE2C229873008162BC /* Release */ = {
			isa = XCBuildConfiguration;
			buildSettings = {
				ASSETCATALOG_COMPILER_APPICON_NAME = AppIcon;
				ASSETCATALOG_COMPILER_GLOBAL_ACCENT_COLOR_NAME = AccentColor;
				CODE_SIGN_STYLE = Automatic;
				CURRENT_PROJECT_VERSION = 1;
				DEVELOPMENT_TEAM = M9DA7S3XQP;
				GENERATE_INFOPLIST_FILE = YES;
				INFOPLIST_FILE = LoginSample/Info.plist;
				INFOPLIST_KEY_CFBundleDisplayName = MyApp;
				INFOPLIST_KEY_UIApplicationSupportsIndirectInputEvents = YES;
				INFOPLIST_KEY_UILaunchStoryboardName = LaunchScreen;
				INFOPLIST_KEY_UIMainStoryboardFile = Main;
				INFOPLIST_KEY_UISupportedInterfaceOrientations_iPad = "UIInterfaceOrientationPortrait UIInterfaceOrientationPortraitUpsideDown UIInterfaceOrientationLandscapeLeft UIInterfaceOrientationLandscapeRight";
				INFOPLIST_KEY_UISupportedInterfaceOrientations_iPhone = "UIInterfaceOrientationPortrait UIInterfaceOrientationLandscapeLeft UIInterfaceOrientationLandscapeRight";
				IPHONEOS_DEPLOYMENT_TARGET = 17.0;
				LD_RUNPATH_SEARCH_PATHS = (
					"$(inherited)",
					"@executable_path/Frameworks",
				);
				MARKETING_VERSION = 1.0;
				PRODUCT_BUNDLE_IDENTIFIER = com.yechan.loginsample;
				PRODUCT_NAME = "$(TARGET_NAME)";
				SWIFT_EMIT_LOC_STRINGS = YES;
				SWIFT_VERSION = 5.0;
				TARGETED_DEVICE_FAMILY = "1,2";
			};
			name = Release;
		};
/* End XCBuildConfiguration section */

/* Begin XCConfigurationList section */
		C7E053C32C229871008162BC /* Build configuration list for PBXProject "LoginSample" */ = {
			isa = XCConfigurationList;
			buildConfigurations = (
				C7E053DA2C229873008162BC /* Debug */,
				C7E053DB2C229873008162BC /* Release */,
			);
			defaultConfigurationIsVisible = 0;
			defaultConfigurationName = Release;
		};
		C7E053DC2C229873008162BC /* Build configuration list for PBXNativeTarget "LoginSample" */ = {
			isa = XCConfigurationList;
			buildConfigurations = (
				C7E053DD2C229873008162BC /* Debug */,
				C7E053DE2C229873008162BC /* Release */,
			);
			defaultConfigurationIsVisible = 0;
			defaultConfigurationName = Release;
		};
/* End XCConfigurationList section */
	};
	rootObject = C7E053C02C229871008162BC /* Project object */;
}
